
Microsoft Visual Studio Solution File, Format Version 12.00
# Visual Studio Version 17
VisualStudioVersion = 17.3.32929.385
MinimumVisualStudioVersion = 10.0.40219.1
Project("{FAE04EC0-301F-11D3-BF4B-00C04F79EFBC}") = "takımuygulaması", "takımuygulaması\takımuygulaması.csproj", "{6737E0C3-1B7D-4121-B897-8433E3582C9C}"
EndProject
Global
	GlobalSection(SolutionConfigurationPlatforms) = preSolution
		Debug|Any CPU = Debug|Any CPU
		Release|Any CPU = Release|Any CPU
	EndGlobalSection
	GlobalSection(ProjectConfigurationPlatforms) = postSolution
		{6737E0C3-1B7D-4121-B897-8433E3582C9C}.Debug|Any CPU.ActiveCfg = Debug|Any CPU
		{6737E0C3-1B7D-4121-B897-8433E3582C9C}.Debug|Any CPU.Build.0 = Debug|Any CPU
		{6737E0C3-1B7D-4121-B897-8433E3582C9C}.Release|Any CPU.ActiveCfg = Release|Any CPU
		{6737E0C3-1B7D-4121-B897-8433E3582C9C}.Release|Any CPU.Build.0 = Release|Any CPU
	EndGlobalSection
	GlobalSection(SolutionProperties) = preSolution
		HideSolutionNode = FALSE
	EndGlobalSection
	GlobalSection(ExtensibilityGlobals) = postSolution
		SolutionGuid = {4EBE42C3-97FA-459C-AFF9-0CD85321D65A}
	EndGlobalSection
EndGlobal
